
Microsoft Visual Studio Solution File, Format Version 12.00
# Visual Studio Version 16
VisualStudioVersion = 16.0.31729.503
MinimumVisualStudioVersion = 10.0.40219.1
Project("{9A19103F-16F7-4668-BE54-9A1E7A4F7556}") = "TheEisenhowerMatrix", "TheEisenhowerMatrix\TheEisenhowerMatrix.csproj", "{C7D6210B-A997-40C7-AB3D-DA37C5F8FDF5}"
EndProject
Project("{2150E333-8FDC-42A3-9474-1A3956D46DE8}") = "tests", "tests", "{1E10841B-C2CC-41D3-945C-271720FF16C5}"
EndProject
Project("{FAE04EC0-301F-11D3-BF4B-00C04F79EFBC}") = "TheEisenhowerMatrix.Test", "TheEisenhowerMatrix.Test\TheEisenhowerMatrix.Test.csproj", "{21FE3C8C-CF3F-4F85-9566-5B3691D6B7F7}"
EndProject
Global
	GlobalSection(SolutionConfigurationPlatforms) = preSolution
		Debug|Any CPU = Debug|Any CPU
		Release|Any CPU = Release|Any CPU
	EndGlobalSection
	GlobalSection(ProjectConfigurationPlatforms) = postSolution
		{C7D6210B-A997-40C7-AB3D-DA37C5F8FDF5}.Debug|Any CPU.ActiveCfg = Debug|Any CPU
		{C7D6210B-A997-40C7-AB3D-DA37C5F8FDF5}.Debug|Any CPU.Build.0 = Debug|Any CPU
		{C7D6210B-A997-40C7-AB3D-DA37C5F8FDF5}.Release|Any CPU.ActiveCfg = Release|Any CPU
		{C7D6210B-A997-40C7-AB3D-DA37C5F8FDF5}.Release|Any CPU.Build.0 = Release|Any CPU
		{21FE3C8C-CF3F-4F85-9566-5B3691D6B7F7}.Debug|Any CPU.ActiveCfg = Debug|Any CPU
		{21FE3C8C-CF3F-4F85-9566-5B3691D6B7F7}.Debug|Any CPU.Build.0 = Debug|Any CPU
		{21FE3C8C-CF3F-4F85-9566-5B3691D6B7F7}.Release|Any CPU.ActiveCfg = Release|Any CPU
		{21FE3C8C-CF3F-4F85-9566-5B3691D6B7F7}.Release|Any CPU.Build.0 = Release|Any CPU
	EndGlobalSection
	GlobalSection(SolutionProperties) = preSolution
		HideSolutionNode = FALSE
	EndGlobalSection
	GlobalSection(NestedProjects) = preSolution
		{21FE3C8C-CF3F-4F85-9566-5B3691D6B7F7} = {1E10841B-C2CC-41D3-945C-271720FF16C5}
	EndGlobalSection
	GlobalSection(ExtensibilityGlobals) = postSolution
		SolutionGuid = {4C8DE015-AD4C-4D5B-9876-B8709FB47AF7}
	EndGlobalSection
EndGlobal
