
Microsoft Visual Studio Solution File, Format Version 12.00
Project("{FAE04EC0-301F-11D3-BF4B-00C04F79EFBC}") = "TheEisenhowerMatrix", "TheEisenhowerMatrix\TheEisenhowerMatrix.csproj", "{C7D6210B-A997-40C7-AB3D-DA37C5F8FDF5}"
EndProject
Global
	GlobalSection(SolutionConfigurationPlatforms) = preSolution
		Debug|Any CPU = Debug|Any CPU
		Release|Any CPU = Release|Any CPU
	EndGlobalSection
	GlobalSection(ProjectConfigurationPlatforms) = postSolution
		{C7D6210B-A997-40C7-AB3D-DA37C5F8FDF5}.Debug|Any CPU.ActiveCfg = Debug|Any CPU
		{C7D6210B-A997-40C7-AB3D-DA37C5F8FDF5}.Debug|Any CPU.Build.0 = Debug|Any CPU
		{C7D6210B-A997-40C7-AB3D-DA37C5F8FDF5}.Release|Any CPU.ActiveCfg = Release|Any CPU
		{C7D6210B-A997-40C7-AB3D-DA37C5F8FDF5}.Release|Any CPU.Build.0 = Release|Any CPU
	EndGlobalSection
EndGlobal
